{
  "name": "node-sms-pdu",
  "version": "0.3.0",
  "lockfileVersion": 2,
  "requires": true,
  "packages": {
    "": {
      "name": "node-sms-pdu",
      "version": "0.3.0",
      "license": "MIT",
      "devDependencies": {
        "@types/node": "^16.11.4"
      }
    },
    "node_modules/@types/node": {
      "version": "16.11.4",
      "resolved": "https://registry.npmjs.org/@types/node/-/node-16.11.4.tgz",
      "integrity": "sha512-TMgXmy0v2xWyuCSCJM6NCna2snndD8yvQF67J29ipdzMcsPa9u+o0tjF5+EQNdhcuZplYuouYqpc4zcd5I6amQ==",
      "dev": true
    }
  },
  "dependencies": {
    "@types/node": {
      "version": "16.11.4",
      "resolved": "https://registry.npmjs.org/@types/node/-/node-16.11.4.tgz",
      "integrity": "sha512-TMgXmy0v2xWyuCSCJM6NCna2snndD8yvQF67J29ipdzMcsPa9u+o0tjF5+EQNdhcuZplYuouYqpc4zcd5I6amQ==",
      "dev": true
    }
  }
}
